// !$*UTF8*$!
{
	archiveVersion = 1;
	classes = {
	};
	objectVersion = 56;
	objects = {

/* Begin PBXBuildFile section */
		B23B4E6C2B2B75F4008E2DF7 /* backend.swift in Sources */ = {isa = PBXBuildFile; fileRef = B25EF6F12B276AC600A2BD05 /* backend.swift */; };
		B23B4E6D2B2B75F5008E2DF7 /* backend.swift in Sources */ = {isa = PBXBuildFile; fileRef = B25EF6F12B276AC600A2BD05 /* backend.swift */; };
		B23B4E6F2B2F9304008E2DF7 /* ram.swift in Sources */ = {isa = PBXBuildFile; fileRef = B23B4E6E2B2F9304008E2DF7 /* ram.swift */; };
		B23B4E702B2F9304008E2DF7 /* ram.swift in Sources */ = {isa = PBXBuildFile; fileRef = B23B4E6E2B2F9304008E2DF7 /* ram.swift */; };
		B23B4E712B2F9304008E2DF7 /* ram.swift in Sources */ = {isa = PBXBuildFile; fileRef = B23B4E6E2B2F9304008E2DF7 /* ram.swift */; };
		B25C11A02B22B9EA00E7D639 /* MacStatApp.swift in Sources */ = {isa = PBXBuildFile; fileRef = B25C119F2B22B9EA00E7D639 /* MacStatApp.swift */; };
		B25C11A22B22B9EA00E7D639 /* ContentView.swift in Sources */ = {isa = PBXBuildFile; fileRef = B25C11A12B22B9EA00E7D639 /* ContentView.swift */; };
		B25C11A42B22B9EB00E7D639 /* Assets.xcassets in Resources */ = {isa = PBXBuildFile; fileRef = B25C11A32B22B9EB00E7D639 /* Assets.xcassets */; };
		B25C11A72B22B9EB00E7D639 /* Preview Assets.xcassets in Resources */ = {isa = PBXBuildFile; fileRef = B25C11A62B22B9EB00E7D639 /* Preview Assets.xcassets */; };
		B25C11B22B22B9EB00E7D639 /* MacStatTests.swift in Sources */ = {isa = PBXBuildFile; fileRef = B25C11B12B22B9EB00E7D639 /* MacStatTests.swift */; };
		B25C11BC2B22B9EB00E7D639 /* MacStatUITests.swift in Sources */ = {isa = PBXBuildFile; fileRef = B25C11BB2B22B9EB00E7D639 /* MacStatUITests.swift */; };
		B25C11BE2B22B9EB00E7D639 /* MacStatUITestsLaunchTests.swift in Sources */ = {isa = PBXBuildFile; fileRef = B25C11BD2B22B9EB00E7D639 /* MacStatUITestsLaunchTests.swift */; };
		B25EF6F22B276AC600A2BD05 /* backend.swift in Sources */ = {isa = PBXBuildFile; fileRef = B25EF6F12B276AC600A2BD05 /* backend.swift */; };
/* End PBXBuildFile section */

/* Begin PBXContainerItemProxy section */
		B25C11AE2B22B9EB00E7D639 /* PBXContainerItemProxy */ = {
			isa = PBXContainerItemProxy;
			containerPortal = B25C11942B22B9EA00E7D639 /* Project object */;
			proxyType = 1;
			remoteGlobalIDString = B25C119B2B22B9EA00E7D639;
			remoteInfo = MacStat;
		};
		B25C11B82B22B9EB00E7D639 /* PBXContainerItemProxy */ = {
			isa = PBXContainerItemProxy;
			containerPortal = B25C11942B22B9EA00E7D639 /* Project object */;
			proxyType = 1;
			remoteGlobalIDString = B25C119B2B22B9EA00E7D639;
			remoteInfo = MacStat;
		};
/* End PBXContainerItemProxy section */

/* Begin PBXFileReference section */
		B23B4E6E2B2F9304008E2DF7 /* ram.swift */ = {isa = PBXFileReference; lastKnownFileType = sourcecode.swift; path = ram.swift; sourceTree = "<group>"; };
		B25C119C2B22B9EA00E7D639 /* MacStat.app */ = {isa = PBXFileReference; explicitFileType = wrapper.application; includeInIndex = 0; path = MacStat.app; sourceTree = BUILT_PRODUCTS_DIR; };
		B25C119F2B22B9EA00E7D639 /* MacStatApp.swift */ = {isa = PBXFileReference; lastKnownFileType = sourcecode.swift; path = MacStatApp.swift; sourceTree = "<group>"; };
		B25C11A12B22B9EA00E7D639 /* ContentView.swift */ = {isa = PBXFileReference; lastKnownFileType = sourcecode.swift; path = ContentView.swift; sourceTree = "<group>"; };
		B25C11A32B22B9EB00E7D639 /* Assets.xcassets */ = {isa = PBXFileReference; lastKnownFileType = folder.assetcatalog; path = Assets.xcassets; sourceTree = "<group>"; };
		B25C11A62B22B9EB00E7D639 /* Preview Assets.xcassets */ = {isa = PBXFileReference; lastKnownFileType = folder.assetcatalog; path = "Preview Assets.xcassets"; sourceTree = "<group>"; };
		B25C11A82B22B9EB00E7D639 /* MacStat.entitlements */ = {isa = PBXFileReference; lastKnownFileType = text.plist.entitlements; path = MacStat.entitlements; sourceTree = "<group>"; };
		B25C11AD2B22B9EB00E7D639 /* MacStatTests.xctest */ = {isa = PBXFileReference; explicitFileType = wrapper.cfbundle; includeInIndex = 0; path = MacStatTests.xctest; sourceTree = BUILT_PRODUCTS_DIR; };
		B25C11B12B22B9EB00E7D639 /* MacStatTests.swift */ = {isa = PBXFileReference; lastKnownFileType = sourcecode.swift; path = MacStatTests.swift; sourceTree = "<group>"; };
		B25C11B72B22B9EB00E7D639 /* MacStatUITests.xctest */ = {isa = PBXFileReference; explicitFileType = wrapper.cfbundle; includeInIndex = 0; path = MacStatUITests.xctest; sourceTree = BUILT_PRODUCTS_DIR; };
		B25C11BB2B22B9EB00E7D639 /* MacStatUITests.swift */ = {isa = PBXFileReference; lastKnownFileType = sourcecode.swift; path = MacStatUITests.swift; sourceTree = "<group>"; };
		B25C11BD2B22B9EB00E7D639 /* MacStatUITestsLaunchTests.swift */ = {isa = PBXFileReference; lastKnownFileType = sourcecode.swift; path = MacStatUITestsLaunchTests.swift; sourceTree = "<group>"; };
		B25EF6F12B276AC600A2BD05 /* backend.swift */ = {isa = PBXFileReference; lastKnownFileType = sourcecode.swift; path = backend.swift; sourceTree = "<group>"; };
/* End PBXFileReference section */

/* Begin PBXFrameworksBuildPhase section */
		B25C11992B22B9EA00E7D639 /* Frameworks */ = {
			isa = PBXFrameworksBuildPhase;
			buildActionMask = 2147483647;
			files = (
			);
			runOnlyForDeploymentPostprocessing = 0;
		};
		B25C11AA2B22B9EB00E7D639 /* Frameworks */ = {
			isa = PBXFrameworksBuildPhase;
			buildActionMask = 2147483647;
			files = (
			);
			runOnlyForDeploymentPostprocessing = 0;
		};
		B25C11B42B22B9EB00E7D639 /* Frameworks */ = {
			isa = PBXFrameworksBuildPhase;
			buildActionMask = 2147483647;
			files = (
			);
			runOnlyForDeploymentPostprocessing = 0;
		};
/* End PBXFrameworksBuildPhase section */

/* Begin PBXGroup section */
		B25C11932B22B9EA00E7D639 = {
			isa = PBXGroup;
			children = (
				B25C119E2B22B9EA00E7D639 /* MacStat */,
				B25C11B02B22B9EB00E7D639 /* MacStatTests */,
				B25C11BA2B22B9EB00E7D639 /* MacStatUITests */,
				B25C119D2B22B9EA00E7D639 /* Products */,
			);
			sourceTree = "<group>";
		};
		B25C119D2B22B9EA00E7D639 /* Products */ = {
			isa = PBXGroup;
			children = (
				B25C119C2B22B9EA00E7D639 /* MacStat.app */,
				B25C11AD2B22B9EB00E7D639 /* MacStatTests.xctest */,
				B25C11B72B22B9EB00E7D639 /* MacStatUITests.xctest */,
			);
			name = Products;
			sourceTree = "<group>";
		};
		B25C119E2B22B9EA00E7D639 /* MacStat */ = {
			isa = PBXGroup;
			children = (
				B25C119F2B22B9EA00E7D639 /* MacStatApp.swift */,
				B25C11A12B22B9EA00E7D639 /* ContentView.swift */,
				B25EF6F12B276AC600A2BD05 /* backend.swift */,
				B25C11A32B22B9EB00E7D639 /* Assets.xcassets */,
				B25C11A82B22B9EB00E7D639 /* MacStat.entitlements */,
				B25C11A52B22B9EB00E7D639 /* Preview Content */,
				B23B4E6E2B2F9304008E2DF7 /* ram.swift */,
			);
			path = MacStat;
			sourceTree = "<group>";
		};
		B25C11A52B22B9EB00E7D639 /* Preview Content */ = {
			isa = PBXGroup;
			children = (
				B25C11A62B22B9EB00E7D639 /* Preview Assets.xcassets */,
			);
			path = "Preview Content";
			sourceTree = "<group>";
		};
		B25C11B02B22B9EB00E7D639 /* MacStatTests */ = {
			isa = PBXGroup;
			children = (
				B25C11B12B22B9EB00E7D639 /* MacStatTests.swift */,
			);
			path = MacStatTests;
			sourceTree = "<group>";
		};
		B25C11BA2B22B9EB00E7D639 /* MacStatUITests */ = {
			isa = PBXGroup;
			children = (
				B25C11BB2B22B9EB00E7D639 /* MacStatUITests.swift */,
				B25C11BD2B22B9EB00E7D639 /* MacStatUITestsLaunchTests.swift */,
			);
			path = MacStatUITests;
			sourceTree = "<group>";
		};
/* End PBXGroup section */

/* Begin PBXNativeTarget section */
		B25C119B2B22B9EA00E7D639 /* MacStat */ = {
			isa = PBXNativeTarget;
			buildConfigurationList = B25C11C12B22B9EB00E7D639 /* Build configuration list for PBXNativeTarget "MacStat" */;
			buildPhases = (
				B25C11982B22B9EA00E7D639 /* Sources */,
				B25C11992B22B9EA00E7D639 /* Frameworks */,
				B25C119A2B22B9EA00E7D639 /* Resources */,
			);
			buildRules = (
			);
			dependencies = (
			);
			name = MacStat;
			productName = MacStat;
			productReference = B25C119C2B22B9EA00E7D639 /* MacStat.app */;
			productType = "com.apple.product-type.application";
		};
		B25C11AC2B22B9EB00E7D639 /* MacStatTests */ = {
			isa = PBXNativeTarget;
			buildConfigurationList = B25C11C42B22B9EB00E7D639 /* Build configuration list for PBXNativeTarget "MacStatTests" */;
			buildPhases = (
				B25C11A92B22B9EB00E7D639 /* Sources */,
				B25C11AA2B22B9EB00E7D639 /* Frameworks */,
				B25C11AB2B22B9EB00E7D639 /* Resources */,
			);
			buildRules = (
			);
			dependencies = (
				B25C11AF2B22B9EB00E7D639 /* PBXTargetDependency */,
			);
			name = MacStatTests;
			productName = MacStatTests;
			productReference = B25C11AD2B22B9EB00E7D639 /* MacStatTests.xctest */;
			productType = "com.apple.product-type.bundle.unit-test";
		};
		B25C11B62B22B9EB00E7D639 /* MacStatUITests */ = {
			isa = PBXNativeTarget;
			buildConfigurationList = B25C11C72B22B9EB00E7D639 /* Build configuration list for PBXNativeTarget "MacStatUITests" */;
			buildPhases = (
				B25C11B32B22B9EB00E7D639 /* Sources */,
				B25C11B42B22B9EB00E7D639 /* Frameworks */,
				B25C11B52B22B9EB00E7D639 /* Resources */,
			);
			buildRules = (
			);
			dependencies = (
				B25C11B92B22B9EB00E7D639 /* PBXTargetDependency */,
			);
			name = MacStatUITests;
			productName = MacStatUITests;
			productReference = B25C11B72B22B9EB00E7D639 /* MacStatUITests.xctest */;
			productType = "com.apple.product-type.bundle.ui-testing";
		};
/* End PBXNativeTarget section */

/* Begin PBXProject section */
		B25C11942B22B9EA00E7D639 /* Project object */ = {
			isa = PBXProject;
			attributes = {
				BuildIndependentTargetsInParallel = 1;
				LastSwiftUpdateCheck = 1500;
				LastUpgradeCheck = 1510;
				TargetAttributes = {
					B25C119B2B22B9EA00E7D639 = {
						CreatedOnToolsVersion = 15.0.1;
					};
					B25C11AC2B22B9EB00E7D639 = {
						CreatedOnToolsVersion = 15.0.1;
						TestTargetID = B25C119B2B22B9EA00E7D639;
					};
					B25C11B62B22B9EB00E7D639 = {
						CreatedOnToolsVersion = 15.0.1;
						TestTargetID = B25C119B2B22B9EA00E7D639;
					};
				};
			};
			buildConfigurationList = B25C11972B22B9EA00E7D639 /* Build configuration list for PBXProject "MacStat" */;
			compatibilityVersion = "Xcode 14.0";
			developmentRegion = en;
			hasScannedForEncodings = 0;
			knownRegions = (
				en,
				Base,
			);
			mainGroup = B25C11932B22B9EA00E7D639;
			productRefGroup = B25C119D2B22B9EA00E7D639 /* Products */;
			projectDirPath = "";
			projectRoot = "";
			targets = (
				B25C119B2B22B9EA00E7D639 /* MacStat */,
				B25C11AC2B22B9EB00E7D639 /* MacStatTests */,
				B25C11B62B22B9EB00E7D639 /* MacStatUITests */,
			);
		};
/* End PBXProject section */

/* Begin PBXResourcesBuildPhase section */
		B25C119A2B22B9EA00E7D639 /* Resources */ = {
			isa = PBXResourcesBuildPhase;
			buildActionMask = 2147483647;
			files = (
				B25C11A72B22B9EB00E7D639 /* Preview Assets.xcassets in Resources */,
				B25C11A42B22B9EB00E7D639 /* Assets.xcassets in Resources */,
			);
			runOnlyForDeploymentPostprocessing = 0;
		};
		B25C11AB2B22B9EB00E7D639 /* Resources */ = {
			isa = PBXResourcesBuildPhase;
			buildActionMask = 2147483647;
			files = (
			);
			runOnlyForDeploymentPostprocessing = 0;
		};
		B25C11B52B22B9EB00E7D639 /* Resources */ = {
			isa = PBXResourcesBuildPhase;
			buildActionMask = 2147483647;
			files = (
			);
			runOnlyForDeploymentPostprocessing = 0;
		};
/* End PBXResourcesBuildPhase section */

/* Begin PBXSourcesBuildPhase section */
		B25C11982B22B9EA00E7D639 /* Sources */ = {
			isa = PBXSourcesBuildPhase;
			buildActionMask = 2147483647;
			files = (
				B23B4E6F2B2F9304008E2DF7 /* ram.swift in Sources */,
				B25C11A22B22B9EA00E7D639 /* ContentView.swift in Sources */,
				B25EF6F22B276AC600A2BD05 /* backend.swift in Sources */,
				B25C11A02B22B9EA00E7D639 /* MacStatApp.swift in Sources */,
			);
			runOnlyForDeploymentPostprocessing = 0;
		};
		B25C11A92B22B9EB00E7D639 /* Sources */ = {
			isa = PBXSourcesBuildPhase;
			buildActionMask = 2147483647;
			files = (
				B23B4E6C2B2B75F4008E2DF7 /* backend.swift in Sources */,
				B23B4E702B2F9304008E2DF7 /* ram.swift in Sources */,
				B25C11B22B22B9EB00E7D639 /* MacStatTests.swift in Sources */,
			);
			runOnlyForDeploymentPostprocessing = 0;
		};
		B25C11B32B22B9EB00E7D639 /* Sources */ = {
			isa = PBXSourcesBuildPhase;
			buildActionMask = 2147483647;
			files = (
				B23B4E712B2F9304008E2DF7 /* ram.swift in Sources */,
				B25C11BE2B22B9EB00E7D639 /* MacStatUITestsLaunchTests.swift in Sources */,
				B23B4E6D2B2B75F5008E2DF7 /* backend.swift in Sources */,
				B25C11BC2B22B9EB00E7D639 /* MacStatUITests.swift in Sources */,
			);
			runOnlyForDeploymentPostprocessing = 0;
		};
/* End PBXSourcesBuildPhase section */

/* Begin PBXTargetDependency section */
		B25C11AF2B22B9EB00E7D639 /* PBXTargetDependency */ = {
			isa = PBXTargetDependency;
			target = B25C119B2B22B9EA00E7D639 /* MacStat */;
			targetProxy = B25C11AE2B22B9EB00E7D639 /* PBXContainerItemProxy */;
		};
		B25C11B92B22B9EB00E7D639 /* PBXTargetDependency */ = {
			isa = PBXTargetDependency;
			target = B25C119B2B22B9EA00E7D639 /* MacStat */;
			targetProxy = B25C11B82B22B9EB00E7D639 /* PBXContainerItemProxy */;
		};
/* End PBXTargetDependency section */

/* Begin XCBuildConfiguration section */
		B25C11BF2B22B9EB00E7D639 /* Debug */ = {
			isa = XCBuildConfiguration;
			buildSettings = {
				ALWAYS_SEARCH_USER_PATHS = NO;
				ASSETCATALOG_COMPILER_GENERATE_SWIFT_ASSET_SYMBOL_EXTENSIONS = YES;
				CLANG_ANALYZER_NONNULL = YES;
				CLANG_ANALYZER_NUMBER_OBJECT_CONVERSION = YES_AGGRESSIVE;
				CLANG_CXX_LANGUAGE_STANDARD = "gnu++20";
				CLANG_ENABLE_MODULES = YES;
				CLANG_ENABLE_OBJC_ARC = YES;
				CLANG_ENABLE_OBJC_WEAK = YES;
				CLANG_WARN_BLOCK_CAPTURE_AUTORELEASING = YES;
				CLANG_WARN_BOOL_CONVERSION = YES;
				CLANG_WARN_COMMA = YES;
				CLANG_WARN_CONSTANT_CONVERSION = YES;
				CLANG_WARN_DEPRECATED_OBJC_IMPLEMENTATIONS = YES;
				CLANG_WARN_DIRECT_OBJC_ISA_USAGE = YES_ERROR;
				CLANG_WARN_DOCUMENTATION_COMMENTS = YES;
				CLANG_WARN_EMPTY_BODY = YES;
				CLANG_WARN_ENUM_CONVERSION = YES;
				CLANG_WARN_INFINITE_RECURSION = YES;
				CLANG_WARN_INT_CONVERSION = YES;
				CLANG_WARN_NON_LITERAL_NULL_CONVERSION = YES;
				CLANG_WARN_OBJC_IMPLICIT_RETAIN_SELF = YES;
				CLANG_WARN_OBJC_LITERAL_CONVERSION = YES;
				CLANG_WARN_OBJC_ROOT_CLASS = YES_ERROR;
				CLANG_WARN_QUOTED_INCLUDE_IN_FRAMEWORK_HEADER = YES;
				CLANG_WARN_RANGE_LOOP_ANALYSIS = YES;
				CLANG_WARN_STRICT_PROTOTYPES = YES;
				CLANG_WARN_SUSPICIOUS_MOVE = YES;
				CLANG_WARN_UNGUARDED_AVAILABILITY = YES_AGGRESSIVE;
				CLANG_WARN_UNREACHABLE_CODE = YES;
				CLANG_WARN__DUPLICATE_METHOD_MATCH = YES;
				COPY_PHASE_STRIP = NO;
				DEAD_CODE_STRIPPING = YES;
				DEBUG_INFORMATION_FORMAT = dwarf;
				ENABLE_STRICT_OBJC_MSGSEND = YES;
				ENABLE_TESTABILITY = YES;
				ENABLE_USER_SCRIPT_SANDBOXING = YES;
				GCC_C_LANGUAGE_STANDARD = gnu17;
				GCC_DYNAMIC_NO_PIC = NO;
				GCC_NO_COMMON_BLOCKS = YES;
				GCC_OPTIMIZATION_LEVEL = 0;
				GCC_PREPROCESSOR_DEFINITIONS = (
					"DEBUG=1",
					"$(inherited)",
				);
				GCC_WARN_64_TO_32_BIT_CONVERSION = YES;
				GCC_WARN_ABOUT_RETURN_TYPE = YES_ERROR;
				GCC_WARN_UNDECLARED_SELECTOR = YES;
				GCC_WARN_UNINITIALIZED_AUTOS = YES_AGGRESSIVE;
				GCC_WARN_UNUSED_FUNCTION = YES;
				GCC_WARN_UNUSED_VARIABLE = YES;
				LOCALIZATION_PREFERS_STRING_CATALOGS = YES;
				MACOSX_DEPLOYMENT_TARGET = 14.0;
				MTL_ENABLE_DEBUG_INFO = INCLUDE_SOURCE;
				MTL_FAST_MATH = YES;
				ONLY_ACTIVE_ARCH = YES;
				SDKROOT = macosx;
				SWIFT_ACTIVE_COMPILATION_CONDITIONS = "DEBUG $(inherited)";
				SWIFT_OPTIMIZATION_LEVEL = "-Onone";
			};
			name = Debug;
		};
		B25C11C02B22B9EB00E7D639 /* Release */ = {
			isa = XCBuildConfiguration;
			buildSettings = {
				ALWAYS_SEARCH_USER_PATHS = NO;
				ASSETCATALOG_COMPILER_GENERATE_SWIFT_ASSET_SYMBOL_EXTENSIONS = YES;
				CLANG_ANALYZER_NONNULL = YES;
				CLANG_ANALYZER_NUMBER_OBJECT_CONVERSION = YES_AGGRESSIVE;
				CLANG_CXX_LANGUAGE_STANDARD = "gnu++20";
				CLANG_ENABLE_MODULES = YES;
				CLANG_ENABLE_OBJC_ARC = YES;
				CLANG_ENABLE_OBJC_WEAK = YES;
				CLANG_WARN_BLOCK_CAPTURE_AUTORELEASING = YES;
				CLANG_WARN_BOOL_CONVERSION = YES;
				CLANG_WARN_COMMA = YES;
				CLANG_WARN_CONSTANT_CONVERSION = YES;
				CLANG_WARN_DEPRECATED_OBJC_IMPLEMENTATIONS = YES;
				CLANG_WARN_DIRECT_OBJC_ISA_USAGE = YES_ERROR;
				CLANG_WARN_DOCUMENTATION_COMMENTS = YES;
				CLANG_WARN_EMPTY_BODY = YES;
				CLANG_WARN_ENUM_CONVERSION = YES;
				CLANG_WARN_INFINITE_RECURSION = YES;
				CLANG_WARN_INT_CONVERSION = YES;
				CLANG_WARN_NON_LITERAL_NULL_CONVERSION = YES;
				CLANG_WARN_OBJC_IMPLICIT_RETAIN_SELF = YES;
				CLANG_WARN_OBJC_LITERAL_CONVERSION = YES;
				CLANG_WARN_OBJC_ROOT_CLASS = YES_ERROR;
				CLANG_WARN_QUOTED_INCLUDE_IN_FRAMEWORK_HEADER = YES;
				CLANG_WARN_RANGE_LOOP_ANALYSIS = YES;
				CLANG_WARN_STRICT_PROTOTYPES = YES;
				CLANG_WARN_SUSPICIOUS_MOVE = YES;
				CLANG_WARN_UNGUARDED_AVAILABILITY = YES_AGGRESSIVE;
				CLANG_WARN_UNREACHABLE_CODE = YES;
				CLANG_WARN__DUPLICATE_METHOD_MATCH = YES;
				COPY_PHASE_STRIP = NO;
				DEAD_CODE_STRIPPING = YES;
				DEBUG_INFORMATION_FORMAT = "dwarf-with-dsym";
				ENABLE_NS_ASSERTIONS = NO;
				ENABLE_STRICT_OBJC_MSGSEND = YES;
				ENABLE_USER_SCRIPT_SANDBOXING = YES;
				GCC_C_LANGUAGE_STANDARD = gnu17;
				GCC_NO_COMMON_BLOCKS = YES;
				GCC_WARN_64_TO_32_BIT_CONVERSION = YES;
				GCC_WARN_ABOUT_RETURN_TYPE = YES_ERROR;
				GCC_WARN_UNDECLARED_SELECTOR = YES;
				GCC_WARN_UNINITIALIZED_AUTOS = YES_AGGRESSIVE;
				GCC_WARN_UNUSED_FUNCTION = YES;
				GCC_WARN_UNUSED_VARIABLE = YES;
				LOCALIZATION_PREFERS_STRING_CATALOGS = YES;
				MACOSX_DEPLOYMENT_TARGET = 14.0;
				MTL_ENABLE_DEBUG_INFO = NO;
				MTL_FAST_MATH = YES;
				SDKROOT = macosx;
				SWIFT_COMPILATION_MODE = wholemodule;
			};
			name = Release;
		};
		B25C11C22B22B9EB00E7D639 /* Debug */ = {
			isa = XCBuildConfiguration;
			buildSettings = {
				ASSETCATALOG_COMPILER_APPICON_NAME = AppIcon;
				ASSETCATALOG_COMPILER_GLOBAL_ACCENT_COLOR_NAME = AccentColor;
				CODE_SIGN_ENTITLEMENTS = MacStat/MacStat.entitlements;
				CODE_SIGN_STYLE = Automatic;
				COMBINE_HIDPI_IMAGES = YES;
				CURRENT_PROJECT_VERSION = 1;
				DEAD_CODE_STRIPPING = YES;
				DEVELOPMENT_ASSET_PATHS = "\"MacStat/Preview Content\"";
				ENABLE_PREVIEWS = YES;
				GENERATE_INFOPLIST_FILE = YES;
				INFOPLIST_KEY_NSHumanReadableCopyright = "";
				LD_RUNPATH_SEARCH_PATHS = (
					"$(inherited)",
					"@executable_path/../Frameworks",
				);
				MARKETING_VERSION = 1.0;
				PRODUCT_BUNDLE_IDENTIFIER = com.MacGPT.MacStat;
				PRODUCT_NAME = "$(TARGET_NAME)";
				SWIFT_EMIT_LOC_STRINGS = YES;
				SWIFT_VERSION = 5.0;
			};
			name = Debug;
		};
		B25C11C32B22B9EB00E7D639 /* Release */ = {
			isa = XCBuildConfiguration;
			buildSettings = {
				ASSETCATALOG_COMPILER_APPICON_NAME = AppIcon;
				ASSETCATALOG_COMPILER_GLOBAL_ACCENT_COLOR_NAME = AccentColor;
				CODE_SIGN_ENTITLEMENTS = MacStat/MacStat.entitlements;
				CODE_SIGN_STYLE = Automatic;
				COMBINE_HIDPI_IMAGES = YES;
				CURRENT_PROJECT_VERSION = 1;
				DEAD_CODE_STRIPPING = YES;
				DEVELOPMENT_ASSET_PATHS = "\"MacStat/Preview Content\"";
				ENABLE_PREVIEWS = YES;
				GENERATE_INFOPLIST_FILE = YES;
				INFOPLIST_KEY_NSHumanReadableCopyright = "";
				LD_RUNPATH_SEARCH_PATHS = (
					"$(inherited)",
					"@executable_path/../Frameworks",
				);
				MARKETING_VERSION = 1.0;
				PRODUCT_BUNDLE_IDENTIFIER = com.MacGPT.MacStat;
				PRODUCT_NAME = "$(TARGET_NAME)";
				SWIFT_EMIT_LOC_STRINGS = YES;
				SWIFT_VERSION = 5.0;
			};
			name = Release;
		};
		B25C11C52B22B9EB00E7D639 /* Debug */ = {
			isa = XCBuildConfiguration;
			buildSettings = {
				ALWAYS_EMBED_SWIFT_STANDARD_LIBRARIES = YES;
				BUNDLE_LOADER = "$(TEST_HOST)";
				CODE_SIGN_STYLE = Automatic;
				CURRENT_PROJECT_VERSION = 1;
				DEAD_CODE_STRIPPING = YES;
				GENERATE_INFOPLIST_FILE = YES;
				MACOSX_DEPLOYMENT_TARGET = 14.0;
				MARKETING_VERSION = 1.0;
				PRODUCT_BUNDLE_IDENTIFIER = com.MacGPT.MacStatTests;
				PRODUCT_NAME = "$(TARGET_NAME)";
				SWIFT_EMIT_LOC_STRINGS = NO;
				SWIFT_VERSION = 5.0;
				TEST_HOST = "$(BUILT_PRODUCTS_DIR)/MacStat.app/$(BUNDLE_EXECUTABLE_FOLDER_PATH)/MacStat";
			};
			name = Debug;
		};
		B25C11C62B22B9EB00E7D639 /* Release */ = {
			isa = XCBuildConfiguration;
			buildSettings = {
				ALWAYS_EMBED_SWIFT_STANDARD_LIBRARIES = YES;
				BUNDLE_LOADER = "$(TEST_HOST)";
				CODE_SIGN_STYLE = Automatic;
				CURRENT_PROJECT_VERSION = 1;
				DEAD_CODE_STRIPPING = YES;
				GENERATE_INFOPLIST_FILE = YES;
				MACOSX_DEPLOYMENT_TARGET = 14.0;
				MARKETING_VERSION = 1.0;
				PRODUCT_BUNDLE_IDENTIFIER = com.MacGPT.MacStatTests;
				PRODUCT_NAME = "$(TARGET_NAME)";
				SWIFT_EMIT_LOC_STRINGS = NO;
				SWIFT_VERSION = 5.0;
				TEST_HOST = "$(BUILT_PRODUCTS_DIR)/MacStat.app/$(BUNDLE_EXECUTABLE_FOLDER_PATH)/MacStat";
			};
			name = Release;
		};
		B25C11C82B22B9EB00E7D639 /* Debug */ = {
			isa = XCBuildConfiguration;
			buildSettings = {
				ALWAYS_EMBED_SWIFT_STANDARD_LIBRARIES = YES;
				CODE_SIGN_STYLE = Automatic;
				CURRENT_PROJECT_VERSION = 1;
				DEAD_CODE_STRIPPING = YES;
				GENERATE_INFOPLIST_FILE = YES;
				MARKETING_VERSION = 1.0;
				PRODUCT_BUNDLE_IDENTIFIER = com.MacGPT.MacStatUITests;
				PRODUCT_NAME = "$(TARGET_NAME)";
				SWIFT_EMIT_LOC_STRINGS = NO;
				SWIFT_VERSION = 5.0;
				TEST_TARGET_NAME = MacStat;
			};
			name = Debug;
		};
		B25C11C92B22B9EB00E7D639 /* Release */ = {
			isa = XCBuildConfiguration;
			buildSettings = {
				ALWAYS_EMBED_SWIFT_STANDARD_LIBRARIES = YES;
				CODE_SIGN_STYLE = Automatic;
				CURRENT_PROJECT_VERSION = 1;
				DEAD_CODE_STRIPPING = YES;
				GENERATE_INFOPLIST_FILE = YES;
				MARKETING_VERSION = 1.0;
				PRODUCT_BUNDLE_IDENTIFIER = com.MacGPT.MacStatUITests;
				PRODUCT_NAME = "$(TARGET_NAME)";
				SWIFT_EMIT_LOC_STRINGS = NO;
				SWIFT_VERSION = 5.0;
				TEST_TARGET_NAME = MacStat;
			};
			name = Release;
		};
/* End XCBuildConfiguration section */

/* Begin XCConfigurationList section */
		B25C11972B22B9EA00E7D639 /* Build configuration list for PBXProject "MacStat" */ = {
			isa = XCConfigurationList;
			buildConfigurations = (
				B25C11BF2B22B9EB00E7D639 /* Debug */,
				B25C11C02B22B9EB00E7D639 /* Release */,
			);
			defaultConfigurationIsVisible = 0;
			defaultConfigurationName = Release;
		};
		B25C11C12B22B9EB00E7D639 /* Build configuration list for PBXNativeTarget "MacStat" */ = {
			isa = XCConfigurationList;
			buildConfigurations = (
				B25C11C22B22B9EB00E7D639 /* Debug */,
				B25C11C32B22B9EB00E7D639 /* Release */,
			);
			defaultConfigurationIsVisible = 0;
			defaultConfigurationName = Release;
		};
		B25C11C42B22B9EB00E7D639 /* Build configuration list for PBXNativeTarget "MacStatTests" */ = {
			isa = XCConfigurationList;
			buildConfigurations = (
				B25C11C52B22B9EB00E7D639 /* Debug */,
				B25C11C62B22B9EB00E7D639 /* Release */,
			);
			defaultConfigurationIsVisible = 0;
			defaultConfigurationName = Release;
		};
		B25C11C72B22B9EB00E7D639 /* Build configuration list for PBXNativeTarget "MacStatUITests" */ = {
			isa = XCConfigurationList;
			buildConfigurations = (
				B25C11C82B22B9EB00E7D639 /* Debug */,
				B25C11C92B22B9EB00E7D639 /* Release */,
			);
			defaultConfigurationIsVisible = 0;
			defaultConfigurationName = Release;
		};
/* End XCConfigurationList section */
	};
	rootObject = B25C11942B22B9EA00E7D639 /* Project object */;
}
